// !$*UTF8*$!
{
	archiveVersion = 1;
	classes = {
	};
	objectVersion = 55;
	objects = {

/* Begin PBXBuildFile section */
		36EBC41CD635A85F5DF03FC1 /* BaseRouter.swift in Sources */ = {isa = PBXBuildFile; fileRef = 36EBC878706B196A84A28137 /* BaseRouter.swift */; };
		36EBC4E2946D97C0939677E5 /* LoginModuleBuilder.swift in Sources */ = {isa = PBXBuildFile; fileRef = 36EBC68740E7E8ED3793CA0C /* LoginModuleBuilder.swift */; };
		36EBC6D403431C7504EBDF93 /* LoginPresenter.swift in Sources */ = {isa = PBXBuildFile; fileRef = 36EBCD77E9E03B3033438E16 /* LoginPresenter.swift */; };
		36EBC77753D6154A9DD23D30 /* LoginRouter.swift in Sources */ = {isa = PBXBuildFile; fileRef = 36EBC848C4E20C49A5F9C1E6 /* LoginRouter.swift */; };
		36EBC8270628703A2048B017 /* LoginInteractor.swift in Sources */ = {isa = PBXBuildFile; fileRef = 36EBC9BA4D9E826A4431E448 /* LoginInteractor.swift */; };
		CEF794DE27EF8D620096ADDD /* AppDelegate.swift in Sources */ = {isa = PBXBuildFile; fileRef = CEF794DD27EF8D620096ADDD /* AppDelegate.swift */; };
		CEF794E027EF8D620096ADDD /* SceneDelegate.swift in Sources */ = {isa = PBXBuildFile; fileRef = CEF794DF27EF8D620096ADDD /* SceneDelegate.swift */; };
		CEF794E227EF8D620096ADDD /* LoginViewController.swift in Sources */ = {isa = PBXBuildFile; fileRef = CEF794E127EF8D620096ADDD /* LoginViewController.swift */; };
		CEF794E727EF8D630096ADDD /* Assets.xcassets in Resources */ = {isa = PBXBuildFile; fileRef = CEF794E627EF8D630096ADDD /* Assets.xcassets */; };
/* End PBXBuildFile section */

/* Begin PBXFileReference section */
		36EBC68740E7E8ED3793CA0C /* LoginModuleBuilder.swift */ = {isa = PBXFileReference; fileEncoding = 4; lastKnownFileType = sourcecode.swift; path = LoginModuleBuilder.swift; sourceTree = "<group>"; };
		36EBC848C4E20C49A5F9C1E6 /* LoginRouter.swift */ = {isa = PBXFileReference; fileEncoding = 4; lastKnownFileType = sourcecode.swift; path = LoginRouter.swift; sourceTree = "<group>"; };
		36EBC878706B196A84A28137 /* BaseRouter.swift */ = {isa = PBXFileReference; fileEncoding = 4; lastKnownFileType = sourcecode.swift; path = BaseRouter.swift; sourceTree = "<group>"; };
		36EBC9BA4D9E826A4431E448 /* LoginInteractor.swift */ = {isa = PBXFileReference; fileEncoding = 4; lastKnownFileType = sourcecode.swift; path = LoginInteractor.swift; sourceTree = "<group>"; };
		36EBCD77E9E03B3033438E16 /* LoginPresenter.swift */ = {isa = PBXFileReference; fileEncoding = 4; lastKnownFileType = sourcecode.swift; path = LoginPresenter.swift; sourceTree = "<group>"; };
		CEF794DA27EF8D620096ADDD /* LogInVerification.app */ = {isa = PBXFileReference; explicitFileType = wrapper.application; includeInIndex = 0; path = LogInVerification.app; sourceTree = BUILT_PRODUCTS_DIR; };
		CEF794DD27EF8D620096ADDD /* AppDelegate.swift */ = {isa = PBXFileReference; lastKnownFileType = sourcecode.swift; path = AppDelegate.swift; sourceTree = "<group>"; };
		CEF794DF27EF8D620096ADDD /* SceneDelegate.swift */ = {isa = PBXFileReference; lastKnownFileType = sourcecode.swift; path = SceneDelegate.swift; sourceTree = "<group>"; };
		CEF794E127EF8D620096ADDD /* LoginViewController.swift */ = {isa = PBXFileReference; lastKnownFileType = sourcecode.swift; path = LoginViewController.swift; sourceTree = "<group>"; };
		CEF794E627EF8D630096ADDD /* Assets.xcassets */ = {isa = PBXFileReference; lastKnownFileType = folder.assetcatalog; path = Assets.xcassets; sourceTree = "<group>"; };
		CEF794EB27EF8D630096ADDD /* Info.plist */ = {isa = PBXFileReference; lastKnownFileType = text.plist.xml; path = Info.plist; sourceTree = "<group>"; };
/* End PBXFileReference section */

/* Begin PBXFrameworksBuildPhase section */
		CEF794D727EF8D620096ADDD /* Frameworks */ = {
			isa = PBXFrameworksBuildPhase;
			buildActionMask = 2147483647;
			files = (
			);
			runOnlyForDeploymentPostprocessing = 0;
		};
/* End PBXFrameworksBuildPhase section */

/* Begin PBXGroup section */
		36EBC2BF0F4EF39BB50DC7BB /* Base */ = {
			isa = PBXGroup;
			children = (
				36EBC878706B196A84A28137 /* BaseRouter.swift */,
			);
			path = Base;
			sourceTree = "<group>";
		};
		CEF794D127EF8D620096ADDD = {
			isa = PBXGroup;
			children = (
				CEF794DC27EF8D620096ADDD /* LogInVerification */,
				CEF794DB27EF8D620096ADDD /* Products */,
			);
			sourceTree = "<group>";
		};
		CEF794DB27EF8D620096ADDD /* Products */ = {
			isa = PBXGroup;
			children = (
				CEF794DA27EF8D620096ADDD /* LogInVerification.app */,
			);
			name = Products;
			sourceTree = "<group>";
		};
		CEF794DC27EF8D620096ADDD /* LogInVerification */ = {
			isa = PBXGroup;
			children = (
				CEF794F427EF90350096ADDD /* Viper */,
				CEF794F327EF902A0096ADDD /* Views */,
				CEF794F227EF901E0096ADDD /* Models */,
				CEF794F127EF8FF30096ADDD /* Application */,
				CEF794E627EF8D630096ADDD /* Assets.xcassets */,
				CEF794EB27EF8D630096ADDD /* Info.plist */,
			);
			path = LogInVerification;
			sourceTree = "<group>";
		};
		CEF794F127EF8FF30096ADDD /* Application */ = {
			isa = PBXGroup;
			children = (
				CEF794DD27EF8D620096ADDD /* AppDelegate.swift */,
				CEF794DF27EF8D620096ADDD /* SceneDelegate.swift */,
			);
			path = Application;
			sourceTree = "<group>";
		};
		CEF794F227EF901E0096ADDD /* Models */ = {
			isa = PBXGroup;
			children = (
			);
			path = Models;
			sourceTree = "<group>";
		};
		CEF794F327EF902A0096ADDD /* Views */ = {
			isa = PBXGroup;
			children = (
			);
			path = Views;
			sourceTree = "<group>";
		};
		CEF794F427EF90350096ADDD /* Viper */ = {
			isa = PBXGroup;
			children = (
				CEF794F527EF90690096ADDD /* LogIn */,
				36EBC2BF0F4EF39BB50DC7BB /* Base */,
			);
			path = Viper;
			sourceTree = "<group>";
		};
		CEF794F527EF90690096ADDD /* LogIn */ = {
			isa = PBXGroup;
			children = (
				CEF794E127EF8D620096ADDD /* LoginViewController.swift */,
				36EBC9BA4D9E826A4431E448 /* LoginInteractor.swift */,
				36EBCD77E9E03B3033438E16 /* LoginPresenter.swift */,
				36EBC848C4E20C49A5F9C1E6 /* LoginRouter.swift */,
				36EBC68740E7E8ED3793CA0C /* LoginModuleBuilder.swift */,
			);
			path = LogIn;
			sourceTree = "<group>";
		};
/* End PBXGroup section */

/* Begin PBXNativeTarget section */
		CEF794D927EF8D620096ADDD /* LogInVerification */ = {
			isa = PBXNativeTarget;
			buildConfigurationList = CEF794EE27EF8D630096ADDD /* Build configuration list for PBXNativeTarget "LogInVerification" */;
			buildPhases = (
				CEF794D627EF8D620096ADDD /* Sources */,
				CEF794D727EF8D620096ADDD /* Frameworks */,
				CEF794D827EF8D620096ADDD /* Resources */,
			);
			buildRules = (
			);
			dependencies = (
			);
			name = LogInVerification;
			productName = LogInVerification;
			productReference = CEF794DA27EF8D620096ADDD /* LogInVerification.app */;
			productType = "com.apple.product-type.application";
		};
/* End PBXNativeTarget section */

/* Begin PBXProject section */
		CEF794D227EF8D620096ADDD /* Project object */ = {
			isa = PBXProject;
			attributes = {
				BuildIndependentTargetsInParallel = 1;
				LastSwiftUpdateCheck = 1320;
				LastUpgradeCheck = 1320;
				TargetAttributes = {
					CEF794D927EF8D620096ADDD = {
						CreatedOnToolsVersion = 13.2.1;
					};
				};
			};
			buildConfigurationList = CEF794D527EF8D620096ADDD /* Build configuration list for PBXProject "LogInVerification" */;
			compatibilityVersion = "Xcode 13.0";
			developmentRegion = en;
			hasScannedForEncodings = 0;
			knownRegions = (
				en,
				Base,
			);
			mainGroup = CEF794D127EF8D620096ADDD;
			productRefGroup = CEF794DB27EF8D620096ADDD /* Products */;
			projectDirPath = "";
			projectRoot = "";
			targets = (
				CEF794D927EF8D620096ADDD /* LogInVerification */,
			);
		};
/* End PBXProject section */

/* Begin PBXResourcesBuildPhase section */
		CEF794D827EF8D620096ADDD /* Resources */ = {
			isa = PBXResourcesBuildPhase;
			buildActionMask = 2147483647;
			files = (
				CEF794E727EF8D630096ADDD /* Assets.xcassets in Resources */,
			);
			runOnlyForDeploymentPostprocessing = 0;
		};
/* End PBXResourcesBuildPhase section */

/* Begin PBXSourcesBuildPhase section */
		CEF794D627EF8D620096ADDD /* Sources */ = {
			isa = PBXSourcesBuildPhase;
			buildActionMask = 2147483647;
			files = (
				CEF794E227EF8D620096ADDD /* LoginViewController.swift in Sources */,
				CEF794DE27EF8D620096ADDD /* AppDelegate.swift in Sources */,
				CEF794E027EF8D620096ADDD /* SceneDelegate.swift in Sources */,
				36EBC8270628703A2048B017 /* LoginInteractor.swift in Sources */,
				36EBC6D403431C7504EBDF93 /* LoginPresenter.swift in Sources */,
				36EBC77753D6154A9DD23D30 /* LoginRouter.swift in Sources */,
				36EBC4E2946D97C0939677E5 /* LoginModuleBuilder.swift in Sources */,
				36EBC41CD635A85F5DF03FC1 /* BaseRouter.swift in Sources */,
			);
			runOnlyForDeploymentPostprocessing = 0;
		};
/* End PBXSourcesBuildPhase section */

/* Begin XCBuildConfiguration section */
		CEF794EC27EF8D630096ADDD /* Debug */ = {
			isa = XCBuildConfiguration;
			buildSettings = {
				ALWAYS_SEARCH_USER_PATHS = NO;
				CLANG_ANALYZER_NONNULL = YES;
				CLANG_ANALYZER_NUMBER_OBJECT_CONVERSION = YES_AGGRESSIVE;
				CLANG_CXX_LANGUAGE_STANDARD = "gnu++17";
				CLANG_CXX_LIBRARY = "libc++";
				CLANG_ENABLE_MODULES = YES;
				CLANG_ENABLE_OBJC_ARC = YES;
				CLANG_ENABLE_OBJC_WEAK = YES;
				CLANG_WARN_BLOCK_CAPTURE_AUTORELEASING = YES;
				CLANG_WARN_BOOL_CONVERSION = YES;
				CLANG_WARN_COMMA = YES;
				CLANG_WARN_CONSTANT_CONVERSION = YES;
				CLANG_WARN_DEPRECATED_OBJC_IMPLEMENTATIONS = YES;
				CLANG_WARN_DIRECT_OBJC_ISA_USAGE = YES_ERROR;
				CLANG_WARN_DOCUMENTATION_COMMENTS = YES;
				CLANG_WARN_EMPTY_BODY = YES;
				CLANG_WARN_ENUM_CONVERSION = YES;
				CLANG_WARN_INFINITE_RECURSION = YES;
				CLANG_WARN_INT_CONVERSION = YES;
				CLANG_WARN_NON_LITERAL_NULL_CONVERSION = YES;
				CLANG_WARN_OBJC_IMPLICIT_RETAIN_SELF = YES;
				CLANG_WARN_OBJC_LITERAL_CONVERSION = YES;
				CLANG_WARN_OBJC_ROOT_CLASS = YES_ERROR;
				CLANG_WARN_QUOTED_INCLUDE_IN_FRAMEWORK_HEADER = YES;
				CLANG_WARN_RANGE_LOOP_ANALYSIS = YES;
				CLANG_WARN_STRICT_PROTOTYPES = YES;
				CLANG_WARN_SUSPICIOUS_MOVE = YES;
				CLANG_WARN_UNGUARDED_AVAILABILITY = YES_AGGRESSIVE;
				CLANG_WARN_UNREACHABLE_CODE = YES;
				CLANG_WARN__DUPLICATE_METHOD_MATCH = YES;
				COPY_PHASE_STRIP = NO;
				DEBUG_INFORMATION_FORMAT = dwarf;
				ENABLE_STRICT_OBJC_MSGSEND = YES;
				ENABLE_TESTABILITY = YES;
				GCC_C_LANGUAGE_STANDARD = gnu11;
				GCC_DYNAMIC_NO_PIC = NO;
				GCC_NO_COMMON_BLOCKS = YES;
				GCC_OPTIMIZATION_LEVEL = 0;
				GCC_PREPROCESSOR_DEFINITIONS = (
					"DEBUG=1",
					"$(inherited)",
				);
				GCC_WARN_64_TO_32_BIT_CONVERSION = YES;
				GCC_WARN_ABOUT_RETURN_TYPE = YES_ERROR;
				GCC_WARN_UNDECLARED_SELECTOR = YES;
				GCC_WARN_UNINITIALIZED_AUTOS = YES_AGGRESSIVE;
				GCC_WARN_UNUSED_FUNCTION = YES;
				GCC_WARN_UNUSED_VARIABLE = YES;
				IPHONEOS_DEPLOYMENT_TARGET = 15.2;
				MTL_ENABLE_DEBUG_INFO = INCLUDE_SOURCE;
				MTL_FAST_MATH = YES;
				ONLY_ACTIVE_ARCH = YES;
				SDKROOT = iphoneos;
				SWIFT_ACTIVE_COMPILATION_CONDITIONS = DEBUG;
				SWIFT_OPTIMIZATION_LEVEL = "-Onone";
			};
			name = Debug;
		};
		CEF794ED27EF8D630096ADDD /* Release */ = {
			isa = XCBuildConfiguration;
			buildSettings = {
				ALWAYS_SEARCH_USER_PATHS = NO;
				CLANG_ANALYZER_NONNULL = YES;
				CLANG_ANALYZER_NUMBER_OBJECT_CONVERSION = YES_AGGRESSIVE;
				CLANG_CXX_LANGUAGE_STANDARD = "gnu++17";
				CLANG_CXX_LIBRARY = "libc++";
				CLANG_ENABLE_MODULES = YES;
				CLANG_ENABLE_OBJC_ARC = YES;
				CLANG_ENABLE_OBJC_WEAK = YES;
				CLANG_WARN_BLOCK_CAPTURE_AUTORELEASING = YES;
				CLANG_WARN_BOOL_CONVERSION = YES;
				CLANG_WARN_COMMA = YES;
				CLANG_WARN_CONSTANT_CONVERSION = YES;
				CLANG_WARN_DEPRECATED_OBJC_IMPLEMENTATIONS = YES;
				CLANG_WARN_DIRECT_OBJC_ISA_USAGE = YES_ERROR;
				CLANG_WARN_DOCUMENTATION_COMMENTS = YES;
				CLANG_WARN_EMPTY_BODY = YES;
				CLANG_WARN_ENUM_CONVERSION = YES;
				CLANG_WARN_INFINITE_RECURSION = YES;
				CLANG_WARN_INT_CONVERSION = YES;
				CLANG_WARN_NON_LITERAL_NULL_CONVERSION = YES;
				CLANG_WARN_OBJC_IMPLICIT_RETAIN_SELF = YES;
				CLANG_WARN_OBJC_LITERAL_CONVERSION = YES;
				CLANG_WARN_OBJC_ROOT_CLASS = YES_ERROR;
				CLANG_WARN_QUOTED_INCLUDE_IN_FRAMEWORK_HEADER = YES;
				CLANG_WARN_RANGE_LOOP_ANALYSIS = YES;
				CLANG_WARN_STRICT_PROTOTYPES = YES;
				CLANG_WARN_SUSPICIOUS_MOVE = YES;
				CLANG_WARN_UNGUARDED_AVAILABILITY = YES_AGGRESSIVE;
				CLANG_WARN_UNREACHABLE_CODE = YES;
				CLANG_WARN__DUPLICATE_METHOD_MATCH = YES;
				COPY_PHASE_STRIP = NO;
				DEBUG_INFORMATION_FORMAT = "dwarf-with-dsym";
				ENABLE_NS_ASSERTIONS = NO;
				ENABLE_STRICT_OBJC_MSGSEND = YES;
				GCC_C_LANGUAGE_STANDARD = gnu11;
				GCC_NO_COMMON_BLOCKS = YES;
				GCC_WARN_64_TO_32_BIT_CONVERSION = YES;
				GCC_WARN_ABOUT_RETURN_TYPE = YES_ERROR;
				GCC_WARN_UNDECLARED_SELECTOR = YES;
				GCC_WARN_UNINITIALIZED_AUTOS = YES_AGGRESSIVE;
				GCC_WARN_UNUSED_FUNCTION = YES;
				GCC_WARN_UNUSED_VARIABLE = YES;
				IPHONEOS_DEPLOYMENT_TARGET = 15.2;
				MTL_ENABLE_DEBUG_INFO = NO;
				MTL_FAST_MATH = YES;
				SDKROOT = iphoneos;
				SWIFT_COMPILATION_MODE = wholemodule;
				SWIFT_OPTIMIZATION_LEVEL = "-O";
				VALIDATE_PRODUCT = YES;
			};
			name = Release;
		};
		CEF794EF27EF8D630096ADDD /* Debug */ = {
			isa = XCBuildConfiguration;
			buildSettings = {
				ASSETCATALOG_COMPILER_APPICON_NAME = AppIcon;
				ASSETCATALOG_COMPILER_GLOBAL_ACCENT_COLOR_NAME = AccentColor;
				CODE_SIGN_STYLE = Automatic;
				CURRENT_PROJECT_VERSION = 1;
				GENERATE_INFOPLIST_FILE = YES;
				INFOPLIST_FILE = LogInVerification/Info.plist;
				INFOPLIST_KEY_UIApplicationSupportsIndirectInputEvents = YES;
				INFOPLIST_KEY_UILaunchStoryboardName = LaunchScreen;
				INFOPLIST_KEY_UISupportedInterfaceOrientations_iPad = "UIInterfaceOrientationPortrait UIInterfaceOrientationPortraitUpsideDown UIInterfaceOrientationLandscapeLeft UIInterfaceOrientationLandscapeRight";
				INFOPLIST_KEY_UISupportedInterfaceOrientations_iPhone = "UIInterfaceOrientationPortrait UIInterfaceOrientationLandscapeLeft UIInterfaceOrientationLandscapeRight";
				LD_RUNPATH_SEARCH_PATHS = (
					"$(inherited)",
					"@executable_path/Frameworks",
				);
				MARKETING_VERSION = 1.0;
				PRODUCT_BUNDLE_IDENTIFIER = com.sergeyashin.LogInVerification;
				PRODUCT_NAME = "$(TARGET_NAME)";
				SWIFT_EMIT_LOC_STRINGS = YES;
				SWIFT_VERSION = 5.0;
				TARGETED_DEVICE_FAMILY = "1,2";
			};
			name = Debug;
		};
		CEF794F027EF8D630096ADDD /* Release */ = {
			isa = XCBuildConfiguration;
			buildSettings = {
				ASSETCATALOG_COMPILER_APPICON_NAME = AppIcon;
				ASSETCATALOG_COMPILER_GLOBAL_ACCENT_COLOR_NAME = AccentColor;
				CODE_SIGN_STYLE = Automatic;
				CURRENT_PROJECT_VERSION = 1;
				GENERATE_INFOPLIST_FILE = YES;
				INFOPLIST_FILE = LogInVerification/Info.plist;
				INFOPLIST_KEY_UIApplicationSupportsIndirectInputEvents = YES;
				INFOPLIST_KEY_UILaunchStoryboardName = LaunchScreen;
				INFOPLIST_KEY_UISupportedInterfaceOrientations_iPad = "UIInterfaceOrientationPortrait UIInterfaceOrientationPortraitUpsideDown UIInterfaceOrientationLandscapeLeft UIInterfaceOrientationLandscapeRight";
				INFOPLIST_KEY_UISupportedInterfaceOrientations_iPhone = "UIInterfaceOrientationPortrait UIInterfaceOrientationLandscapeLeft UIInterfaceOrientationLandscapeRight";
				LD_RUNPATH_SEARCH_PATHS = (
					"$(inherited)",
					"@executable_path/Frameworks",
				);
				MARKETING_VERSION = 1.0;
				PRODUCT_BUNDLE_IDENTIFIER = com.sergeyashin.LogInVerification;
				PRODUCT_NAME = "$(TARGET_NAME)";
				SWIFT_EMIT_LOC_STRINGS = YES;
				SWIFT_VERSION = 5.0;
				TARGETED_DEVICE_FAMILY = "1,2";
			};
			name = Release;
		};
/* End XCBuildConfiguration section */

/* Begin XCConfigurationList section */
		CEF794D527EF8D620096ADDD /* Build configuration list for PBXProject "LogInVerification" */ = {
			isa = XCConfigurationList;
			buildConfigurations = (
				CEF794EC27EF8D630096ADDD /* Debug */,
				CEF794ED27EF8D630096ADDD /* Release */,
			);
			defaultConfigurationIsVisible = 0;
			defaultConfigurationName = Release;
		};
		CEF794EE27EF8D630096ADDD /* Build configuration list for PBXNativeTarget "LogInVerification" */ = {
			isa = XCConfigurationList;
			buildConfigurations = (
				CEF794EF27EF8D630096ADDD /* Debug */,
				CEF794F027EF8D630096ADDD /* Release */,
			);
			defaultConfigurationIsVisible = 0;
			defaultConfigurationName = Release;
		};
/* End XCConfigurationList section */
	};
	rootObject = CEF794D227EF8D620096ADDD /* Project object */;
}
